PODS:
  - AdColony (4.9.0)
  - Adjust (4.33.4):
    - Adjust/Core (= 4.33.4)
  - Adjust/Core (4.33.4)
  - AdjustPurchase (1.0.1)
  - Ads-Global (4.3.1.9):
    - Ads-Global/BUAdSDK (= 4.3.1.9)
  - Ads-Global/APM (4.3.1.9):
    - RangersAPM-Pangle/Crash (= 2.3.2-pangle)
    - RangersAPM-Pangle/Global (= 2.3.2-pangle)
    - RangersAPM-Pangle/SessionTracker (= 2.3.2-pangle)
  - Ads-Global/BUAdSDK (4.3.1.9):
    - Ads-Global/BUFoundation
    - Ads-Global/International
  - Ads-Global/BUFoundation (4.3.1.9):
    - BURelyFoundation_Global (= 0.0.1.57)
  - Ads-Global/International (4.3.1.9):
    - Ads-Global/APM
    - Ads-Global/BUFoundation
  - AmazonPublisherServicesSDK (4.4.3)
  - APDAdColonyAdapter (3.0.2.1):
    - AdColony (= 4.9.0)
    - Appodeal (= 3.0.2)
  - APDAdjustAdapter (3.0.2.1):
    - Adjust (~> 4.33.3)
    - AdjustPurchase (= 1.0.1)
    - Appodeal (= 3.0.2)
  - APDAppLovinAdapter (3.0.2.1):
    - AppLovinSDK (~> 11.6.1)
    - Appodeal (= 3.0.2)
  - APDAppsFlyerAdapter (3.0.2.1):
    - Appodeal (= 3.0.2)
    - AppsFlyer-AdRevenue (~> 6.9.1)
    - AppsFlyerFramework (~> 6.9.1)
  - APDBidMachineAdapter (3.0.2.1):
    - Appodeal (= 3.0.2)
    - BidMachine (= 2.0.0.5)
    - GoogleAppMeasurement
    - GoogleUserMessagingPlatform
    - GoogleUtilities
  - APDFacebookAdapter (3.0.2.1):
    - Appodeal (= 3.0.2)
    - FBSDKCoreKit (~> 15.0)
  - APDFirebaseAdapter (3.0.2.1):
    - Appodeal (= 3.0.2)
    - Firebase/Analytics (~> 10.3)
    - Firebase/Core (~> 10.3)
    - Firebase/RemoteConfig (~> 10.3)
    - GoogleAppMeasurement
    - GoogleUserMessagingPlatform
    - GoogleUtilities
  - APDGoogleAdMobAdapter (3.0.2.1):
    - Appodeal (= 3.0.2)
    - Google-Mobile-Ads-SDK (= 9.14.0)
    - GoogleAppMeasurement
    - GoogleUserMessagingPlatform
    - GoogleUtilities
  - APDIABAdapter (3.0.2.1):
    - Appodeal (= 3.0.2)
  - APDIronSourceAdapter (3.0.2.1):
    - Appodeal (= 3.0.2)
    - IronSourceSDK (= 7.2.6)
  - APDMetaAudienceNetworkAdapter (3.0.2.1):
    - Appodeal (= 3.0.2)
    - FBAudienceNetwork (= 6.12.0)
  - APDMyTargetAdapter (3.0.2.1):
    - Appodeal (= 3.0.2)
    - myTargetSDK (~> 5.17.2)
  - APDStackAnalyticsAdapter (3.0.2.1):
    - Appodeal (= 3.0.2)
    - StackAnalytics (~> 1.4.0)
    - StackIAB (~> 2.0.2)
    - StackModules (~> 1.4.0)
  - APDUnityAdapter (3.0.2.1):
    - Appodeal (= 3.0.2)
    - UnityAds (= 4.5.0)
  - APDVungleAdapter (3.0.2.1):
    - Appodeal (= 3.0.2)
    - VungleSDK-iOS (= 6.12.1)
  - APDYandexAdapter (3.0.2.1):
    - Appodeal (= 3.0.2)
    - YandexMobileAds (= 5.2.1)
  - AppLovinSDK (11.6.1)
  - Appodeal (3.0.2):
    - Protobuf
    - StackConsentManager (~> 1.2.0)
    - StackIAB (~> 2.0.2)
    - StackModules (~> 1.4.0)
    - StackProtobuf (~> 0.8.0)
  - AppsFlyer-AdRevenue (6.9.1):
    - AppsFlyerFramework (~> 6)
  - AppsFlyerFramework (6.9.2):
    - AppsFlyerFramework/Main (= 6.9.2)
  - AppsFlyerFramework/Main (6.9.2)
  - BidMachine (2.0.0.5):
    - BidMachineAnalyticsCore (~> 0.1.0)
    - BidMachineApiCore (~> 0.0.3)
    - BidMachineBiddingCore (~> 0.0.2)
    - BidMachineDisplayCore (~> 0.1.0)
    - BidMachineNetworkCore (~> 0.0.1)
    - StackIAB (~> 2.0.0)
    - StackModules (~> 1.4.0)
  - BidMachineAdColonyAdapter (2.0.0.1):
    - AdColony (= 4.9.0)
    - BidMachine (~> 2.0.0.0)
  - BidMachineAmazonAdapter (2.0.0.1):
    - AmazonPublisherServicesSDK (= 4.4.3)
    - BidMachine (~> 2.0.0.0)
  - BidMachineAnalyticsCore (0.1.1):
    - BidMachineApiCore (~> 0.0.4)
    - BidMachineNetworkCore (~> 0.0.2)
  - BidMachineApiCore (0.0.4)
  - BidMachineBiddingCore (0.0.3):
    - BidMachineApiCore (~> 0.0.4)
  - BidMachineCriteoAdapter (2.0.0.1):
    - BidMachine (~> 2.0.0.0)
    - CriteoPublisherSdk (= 4.5.0)
  - BidMachineDisplayCore (0.1.2):
    - BidMachineBiddingCore (~> 0.0.3)
  - BidMachineMetaAudienceAdapter (2.0.0.3):
    - BidMachine (~> 2.0.0.0)
    - FBAudienceNetwork (= 6.12.0)
  - BidMachineMyTargetAdapter (2.0.0.4):
    - BidMachine (~> 2.0.0.0)
    - myTargetSDK (= 5.17.3)
  - BidMachineNetworkCore (0.0.2):
    - BidMachineApiCore (~> 0.0.4)
  - BidMachineNotsyAdapter (2.0.0.4):
    - BidMachine (~> 2.0.0.0)
    - Google-Mobile-Ads-SDK (= 9.14.0)
  - BidMachinePangleAdapter (2.0.0.1):
    - Ads-Global (= 4.3.1.9)
    - BidMachine (~> 2.0.0.0)
  - BidMachineSmaatoAdapter (2.0.0.3):
    - BidMachine (~> 2.0.0.0)
    - smaato-ios-sdk (= 21.7.8)
    - smaato-ios-sdk/Modules/UnifiedBidding (= 21.7.8)
  - BidMachineTapjoyAdapter (2.0.0.1):
    - BidMachine (~> 2.0.0.0)
    - TapjoySDK (= 12.10.0)
  - BidMachineVungleAdapter (2.0.0.2):
    - BidMachine (~> 2.0.0.0)
    - VungleSDK-iOS (= 6.12.1)
  - boost (1.76.0)
  - BURelyFoundation_Global (0.0.1.57):
    - BURelyFoundation_Global/NETWork (= 0.0.1.57)
  - BURelyFoundation_Global/NETWork (0.0.1.57)
  - BVLinearGradient (2.6.2):
    - React-Core
  - CriteoPublisherSdk (4.5.0):
    - CriteoPublisherSdk/Sdk (= 4.5.0)
  - CriteoPublisherSdk/Sdk (4.5.0)
  - DoubleConversion (1.1.6)
  - FBAEMKit (15.1.0):
    - FBSDKCoreKit_Basics (= 15.1.0)
  - FBAudienceNetwork (6.12.0)
  - FBLazyVector (0.71.4)
  - FBReactNativeSpec (0.71.4):
    - RCT-Folly (= 2021.07.22.00)
    - RCTRequired (= 0.71.4)
    - RCTTypeSafety (= 0.71.4)
    - React-Core (= 0.71.4)
    - React-jsi (= 0.71.4)
    - ReactCommon/turbomodule/core (= 0.71.4)
  - FBSDKCoreKit (15.1.0):
    - FBAEMKit (= 15.1.0)
    - FBSDKCoreKit_Basics (= 15.1.0)
  - FBSDKCoreKit_Basics (15.1.0)
  - Firebase (10.7.0):
    - Firebase/Core (= 10.7.0)
  - Firebase/Analytics (10.7.0):
    - Firebase/Core
  - Firebase/Core (10.7.0):
    - Firebase/CoreOnly
    - FirebaseAnalytics (~> 10.7.0)
  - Firebase/CoreOnly (10.7.0):
    - FirebaseCore (= 10.7.0)
  - Firebase/Crashlytics (10.7.0):
    - Firebase/CoreOnly
    - FirebaseCrashlytics (~> 10.7.0)
  - Firebase/DynamicLinks (10.7.0):
    - Firebase/CoreOnly
    - FirebaseDynamicLinks (~> 10.7.0)
  - Firebase/RemoteConfig (10.7.0):
    - Firebase/CoreOnly
    - FirebaseRemoteConfig (~> 10.7.0)
  - FirebaseABTesting (10.7.0):
    - FirebaseCore (~> 10.0)
  - FirebaseAnalytics (10.7.0):
    - FirebaseAnalytics/AdIdSupport (= 10.7.0)
    - FirebaseCore (~> 10.0)
    - FirebaseInstallations (~> 10.0)
    - GoogleUtilities/AppDelegateSwizzler (~> 7.8)
    - GoogleUtilities/MethodSwizzler (~> 7.8)
    - GoogleUtilities/Network (~> 7.8)
    - "GoogleUtilities/NSData+zlib (~> 7.8)"
    - nanopb (< 2.30910.0, >= 2.30908.0)
  - FirebaseAnalytics/AdIdSupport (10.7.0):
    - FirebaseCore (~> 10.0)
    - FirebaseInstallations (~> 10.0)
    - GoogleAppMeasurement (= 10.7.0)
    - GoogleUtilities/AppDelegateSwizzler (~> 7.8)
    - GoogleUtilities/MethodSwizzler (~> 7.8)
    - GoogleUtilities/Network (~> 7.8)
    - "GoogleUtilities/NSData+zlib (~> 7.8)"
    - nanopb (< 2.30910.0, >= 2.30908.0)
  - FirebaseCore (10.7.0):
    - FirebaseCoreInternal (~> 10.0)
    - GoogleUtilities/Environment (~> 7.8)
    - GoogleUtilities/Logger (~> 7.8)
  - FirebaseCoreExtension (10.7.0):
    - FirebaseCore (~> 10.0)
  - FirebaseCoreInternal (10.7.0):
    - "GoogleUtilities/NSData+zlib (~> 7.8)"
  - FirebaseCrashlytics (10.7.0):
    - FirebaseCore (~> 10.5)
    - FirebaseInstallations (~> 10.0)
    - FirebaseSessions (~> 10.5)
    - GoogleDataTransport (~> 9.2)
    - GoogleUtilities/Environment (~> 7.8)
    - nanopb (< 2.30910.0, >= 2.30908.0)
    - PromisesObjC (~> 2.1)
  - FirebaseDynamicLinks (10.7.0):
    - FirebaseCore (~> 10.0)
  - FirebaseInstallations (10.7.0):
    - FirebaseCore (~> 10.0)
    - GoogleUtilities/Environment (~> 7.8)
    - GoogleUtilities/UserDefaults (~> 7.8)
    - PromisesObjC (~> 2.1)
  - FirebaseRemoteConfig (10.7.0):
    - FirebaseABTesting (~> 10.0)
    - FirebaseCore (~> 10.0)
    - FirebaseInstallations (~> 10.0)
    - GoogleUtilities/Environment (~> 7.8)
    - "GoogleUtilities/NSData+zlib (~> 7.8)"
  - FirebaseSessions (10.7.0):
    - FirebaseCore (~> 10.5)
    - FirebaseCoreExtension (~> 10.0)
    - FirebaseInstallations (~> 10.0)
    - GoogleDataTransport (~> 9.2)
    - GoogleUtilities/Environment (~> 7.10)
    - nanopb (< 2.30910.0, >= 2.30908.0)
    - PromisesSwift (~> 2.1)
  - fmt (6.2.1)
  - glog (0.3.5)
  - Google-Mobile-Ads-SDK (9.14.0):
    - GoogleAppMeasurement (< 11.0, >= 7.0)
    - GoogleUserMessagingPlatform (>= 1.1)
  - GoogleAppMeasurement (10.7.0):
    - GoogleAppMeasurement/AdIdSupport (= 10.7.0)
    - GoogleUtilities/AppDelegateSwizzler (~> 7.8)
    - GoogleUtilities/MethodSwizzler (~> 7.8)
    - GoogleUtilities/Network (~> 7.8)
    - "GoogleUtilities/NSData+zlib (~> 7.8)"
    - nanopb (< 2.30910.0, >= 2.30908.0)
  - GoogleAppMeasurement/AdIdSupport (10.7.0):
    - GoogleAppMeasurement/WithoutAdIdSupport (= 10.7.0)
    - GoogleUtilities/AppDelegateSwizzler (~> 7.8)
    - GoogleUtilities/MethodSwizzler (~> 7.8)
    - GoogleUtilities/Network (~> 7.8)
    - "GoogleUtilities/NSData+zlib (~> 7.8)"
    - nanopb (< 2.30910.0, >= 2.30908.0)
  - GoogleAppMeasurement/WithoutAdIdSupport (10.7.0):
    - GoogleUtilities/AppDelegateSwizzler (~> 7.8)
    - GoogleUtilities/MethodSwizzler (~> 7.8)
    - GoogleUtilities/Network (~> 7.8)
    - "GoogleUtilities/NSData+zlib (~> 7.8)"
    - nanopb (< 2.30910.0, >= 2.30908.0)
  - GoogleDataTransport (9.2.1):
    - GoogleUtilities/Environment (~> 7.7)
    - nanopb (< 2.30910.0, >= 2.30908.0)
    - PromisesObjC (< 3.0, >= 1.2)
  - GoogleUserMessagingPlatform (2.0.1)
  - GoogleUtilities (7.11.0):
    - GoogleUtilities/AppDelegateSwizzler (= 7.11.0)
    - GoogleUtilities/Environment (= 7.11.0)
    - GoogleUtilities/ISASwizzler (= 7.11.0)
    - GoogleUtilities/Logger (= 7.11.0)
    - GoogleUtilities/MethodSwizzler (= 7.11.0)
    - GoogleUtilities/Network (= 7.11.0)
    - "GoogleUtilities/NSData+zlib (= 7.11.0)"
    - GoogleUtilities/Reachability (= 7.11.0)
    - GoogleUtilities/SwizzlerTestHelpers (= 7.11.0)
    - GoogleUtilities/UserDefaults (= 7.11.0)
  - GoogleUtilities/AppDelegateSwizzler (7.11.0):
    - GoogleUtilities/Environment
    - GoogleUtilities/Logger
    - GoogleUtilities/Network
  - GoogleUtilities/Environment (7.11.0):
    - PromisesObjC (< 3.0, >= 1.2)
  - GoogleUtilities/ISASwizzler (7.11.0)
  - GoogleUtilities/Logger (7.11.0):
    - GoogleUtilities/Environment
  - GoogleUtilities/MethodSwizzler (7.11.0):
    - GoogleUtilities/Logger
  - GoogleUtilities/Network (7.11.0):
    - GoogleUtilities/Logger
    - "GoogleUtilities/NSData+zlib"
    - GoogleUtilities/Reachability
  - "GoogleUtilities/NSData+zlib (7.11.0)"
  - GoogleUtilities/Reachability (7.11.0):
    - GoogleUtilities/Logger
  - GoogleUtilities/SwizzlerTestHelpers (7.11.0):
    - GoogleUtilities/MethodSwizzler
  - GoogleUtilities/UserDefaults (7.11.0):
    - GoogleUtilities/Logger
  - hermes-engine (0.71.4):
    - hermes-engine/Pre-built (= 0.71.4)
  - hermes-engine/Pre-built (0.71.4)
  - IronSourceSDK (7.2.6.0)
  - libevent (2.1.12)
  - myTargetSDK (5.17.3):
    - myTrackerSDK (~> 3.0.3)
  - myTrackerSDK (3.0.8)
  - nanopb (2.30909.0):
    - nanopb/decode (= 2.30909.0)
    - nanopb/encode (= 2.30909.0)
  - nanopb/decode (2.30909.0)
  - nanopb/encode (2.30909.0)
  - OMSDK_Appodeal (1.4.2.0)
  - OneKit-Pangle/BaseKit (1.1.21-pangle)
  - OneKit-Pangle/Database (1.1.21-pangle):
    - OneKit-Pangle/Service
  - OneKit-Pangle/Service (1.1.21-pangle)
  - PromisesObjC (2.2.0)
  - PromisesSwift (2.2.0):
    - PromisesObjC (= 2.2.0)
  - Protobuf (3.22.1)
  - RangersAPM-Pangle/Core (2.3.2-pangle):
    - OneKit-Pangle/BaseKit (= 1.1.21-pangle)
  - RangersAPM-Pangle/Crash (2.3.2-pangle):
    - RangersAPM-Pangle/Core
    - RangersAPM-Pangle/HMD
    - RangersAPM-Pangle/Public
  - RangersAPM-Pangle/Global (2.3.2-pangle):
    - RangersAPM-Pangle/Core
    - RangersAPM-Pangle/Public
  - RangersAPM-Pangle/HMD (2.3.2-pangle):
    - OneKit-Pangle/Database (= 1.1.21-pangle)
    - RangersAPM-Pangle/Core
  - RangersAPM-Pangle/Public (2.3.2-pangle):
    - RangersAPM-Pangle/Core
  - RangersAPM-Pangle/SessionTracker (2.3.2-pangle):
    - RangersAPM-Pangle/Core
    - RangersAPM-Pangle/HMD
    - RangersAPM-Pangle/Public
  - RCT-Folly (2021.07.22.00):
    - boost
    - DoubleConversion
    - fmt (~> 6.2.1)
    - glog
    - RCT-Folly/Default (= 2021.07.22.00)
  - RCT-Folly/Default (2021.07.22.00):
    - boost
    - DoubleConversion
    - fmt (~> 6.2.1)
    - glog
  - RCT-Folly/Futures (2021.07.22.00):
    - boost
    - DoubleConversion
    - fmt (~> 6.2.1)
    - glog
    - libevent
  - RCTRequired (0.71.4)
  - RCTTypeSafety (0.71.4):
    - FBLazyVector (= 0.71.4)
    - RCTRequired (= 0.71.4)
    - React-Core (= 0.71.4)
  - React (0.71.4):
    - React-Core (= 0.71.4)
    - React-Core/DevSupport (= 0.71.4)
    - React-Core/RCTWebSocket (= 0.71.4)
    - React-RCTActionSheet (= 0.71.4)
    - React-RCTAnimation (= 0.71.4)
    - React-RCTBlob (= 0.71.4)
    - React-RCTImage (= 0.71.4)
    - React-RCTLinking (= 0.71.4)
    - React-RCTNetwork (= 0.71.4)
    - React-RCTSettings (= 0.71.4)
    - React-RCTText (= 0.71.4)
    - React-RCTVibration (= 0.71.4)
  - React-callinvoker (0.71.4)
  - React-Codegen (0.71.4):
    - FBReactNativeSpec
    - hermes-engine
    - RCT-Folly
    - RCTRequired
    - RCTTypeSafety
    - React-Core
    - React-jsi
    - React-jsiexecutor
    - ReactCommon/turbomodule/bridging
    - ReactCommon/turbomodule/core
  - React-Core (0.71.4):
    - glog
    - hermes-engine
    - RCT-Folly (= 2021.07.22.00)
    - React-Core/Default (= 0.71.4)
    - React-cxxreact (= 0.71.4)
    - React-hermes
    - React-jsi (= 0.71.4)
    - React-jsiexecutor (= 0.71.4)
    - React-perflogger (= 0.71.4)
    - Yoga
  - React-Core/CoreModulesHeaders (0.71.4):
    - glog
    - hermes-engine
    - RCT-Folly (= 2021.07.22.00)
    - React-Core/Default
    - React-cxxreact (= 0.71.4)
    - React-hermes
    - React-jsi (= 0.71.4)
    - React-jsiexecutor (= 0.71.4)
    - React-perflogger (= 0.71.4)
    - Yoga
  - React-Core/Default (0.71.4):
    - glog
    - hermes-engine
    - RCT-Folly (= 2021.07.22.00)
    - React-cxxreact (= 0.71.4)
    - React-hermes
    - React-jsi (= 0.71.4)
    - React-jsiexecutor (= 0.71.4)
    - React-perflogger (= 0.71.4)
    - Yoga
  - React-Core/DevSupport (0.71.4):
    - glog
    - hermes-engine
    - RCT-Folly (= 2021.07.22.00)
    - React-Core/Default (= 0.71.4)
    - React-Core/RCTWebSocket (= 0.71.4)
    - React-cxxreact (= 0.71.4)
    - React-hermes
    - React-jsi (= 0.71.4)
    - React-jsiexecutor (= 0.71.4)
    - React-jsinspector (= 0.71.4)
    - React-perflogger (= 0.71.4)
    - Yoga
  - React-Core/RCTActionSheetHeaders (0.71.4):
    - glog
    - hermes-engine
    - RCT-Folly (= 2021.07.22.00)
    - React-Core/Default
    - React-cxxreact (= 0.71.4)
    - React-hermes
    - React-jsi (= 0.71.4)
    - React-jsiexecutor (= 0.71.4)
    - React-perflogger (= 0.71.4)
    - Yoga
  - React-Core/RCTAnimationHeaders (0.71.4):
    - glog
    - hermes-engine
    - RCT-Folly (= 2021.07.22.00)
    - React-Core/Default
    - React-cxxreact (= 0.71.4)
    - React-hermes
    - React-jsi (= 0.71.4)
    - React-jsiexecutor (= 0.71.4)
    - React-perflogger (= 0.71.4)
    - Yoga
  - React-Core/RCTBlobHeaders (0.71.4):
    - glog
    - hermes-engine
    - RCT-Folly (= 2021.07.22.00)
    - React-Core/Default
    - React-cxxreact (= 0.71.4)
    - React-hermes
    - React-jsi (= 0.71.4)
    - React-jsiexecutor (= 0.71.4)
    - React-perflogger (= 0.71.4)
    - Yoga
  - React-Core/RCTImageHeaders (0.71.4):
    - glog
    - hermes-engine
    - RCT-Folly (= 2021.07.22.00)
    - React-Core/Default
    - React-cxxreact (= 0.71.4)
    - React-hermes
    - React-jsi (= 0.71.4)
    - React-jsiexecutor (= 0.71.4)
    - React-perflogger (= 0.71.4)
    - Yoga
  - React-Core/RCTLinkingHeaders (0.71.4):
    - glog
    - hermes-engine
    - RCT-Folly (= 2021.07.22.00)
    - React-Core/Default
    - React-cxxreact (= 0.71.4)
    - React-hermes
    - React-jsi (= 0.71.4)
    - React-jsiexecutor (= 0.71.4)
    - React-perflogger (= 0.71.4)
    - Yoga
  - React-Core/RCTNetworkHeaders (0.71.4):
    - glog
    - hermes-engine
    - RCT-Folly (= 2021.07.22.00)
    - React-Core/Default
    - React-cxxreact (= 0.71.4)
    - React-hermes
    - React-jsi (= 0.71.4)
    - React-jsiexecutor (= 0.71.4)
    - React-perflogger (= 0.71.4)
    - Yoga
  - React-Core/RCTSettingsHeaders (0.71.4):
    - glog
    - hermes-engine
    - RCT-Folly (= 2021.07.22.00)
    - React-Core/Default
    - React-cxxreact (= 0.71.4)
    - React-hermes
    - React-jsi (= 0.71.4)
    - React-jsiexecutor (= 0.71.4)
    - React-perflogger (= 0.71.4)
    - Yoga
  - React-Core/RCTTextHeaders (0.71.4):
    - glog
    - hermes-engine
    - RCT-Folly (= 2021.07.22.00)
    - React-Core/Default
    - React-cxxreact (= 0.71.4)
    - React-hermes
    - React-jsi (= 0.71.4)
    - React-jsiexecutor (= 0.71.4)
    - React-perflogger (= 0.71.4)
    - Yoga
  - React-Core/RCTVibrationHeaders (0.71.4):
    - glog
    - hermes-engine
    - RCT-Folly (= 2021.07.22.00)
    - React-Core/Default
    - React-cxxreact (= 0.71.4)
    - React-hermes
    - React-jsi (= 0.71.4)
    - React-jsiexecutor (= 0.71.4)
    - React-perflogger (= 0.71.4)
    - Yoga
  - React-Core/RCTWebSocket (0.71.4):
    - glog
    - hermes-engine
    - RCT-Folly (= 2021.07.22.00)
    - React-Core/Default (= 0.71.4)
    - React-cxxreact (= 0.71.4)
    - React-hermes
    - React-jsi (= 0.71.4)
    - React-jsiexecutor (= 0.71.4)
    - React-perflogger (= 0.71.4)
    - Yoga
  - React-CoreModules (0.71.4):
    - RCT-Folly (= 2021.07.22.00)
    - RCTTypeSafety (= 0.71.4)
    - React-Codegen (= 0.71.4)
    - React-Core/CoreModulesHeaders (= 0.71.4)
    - React-jsi (= 0.71.4)
    - React-RCTBlob
    - React-RCTImage (= 0.71.4)
    - ReactCommon/turbomodule/core (= 0.71.4)
  - React-cxxreact (0.71.4):
    - boost (= 1.76.0)
    - DoubleConversion
    - glog
    - hermes-engine
    - RCT-Folly (= 2021.07.22.00)
    - React-callinvoker (= 0.71.4)
    - React-jsi (= 0.71.4)
    - React-jsinspector (= 0.71.4)
    - React-logger (= 0.71.4)
    - React-perflogger (= 0.71.4)
    - React-runtimeexecutor (= 0.71.4)
  - React-hermes (0.71.4):
    - DoubleConversion
    - glog
    - hermes-engine
    - RCT-Folly (= 2021.07.22.00)
    - RCT-Folly/Futures (= 2021.07.22.00)
    - React-cxxreact (= 0.71.4)
    - React-jsi
    - React-jsiexecutor (= 0.71.4)
    - React-jsinspector (= 0.71.4)
    - React-perflogger (= 0.71.4)
  - React-jsi (0.71.4):
    - boost (= 1.76.0)
    - DoubleConversion
    - glog
    - hermes-engine
    - RCT-Folly (= 2021.07.22.00)
  - React-jsiexecutor (0.71.4):
    - DoubleConversion
    - glog
    - hermes-engine
    - RCT-Folly (= 2021.07.22.00)
    - React-cxxreact (= 0.71.4)
    - React-jsi (= 0.71.4)
    - React-perflogger (= 0.71.4)
  - React-jsinspector (0.71.4)
  - React-logger (0.71.4):
    - glog
  - react-native-image-picker (5.3.1):
    - React-Core
  - react-native-safe-area-context (4.5.0):
    - RCT-Folly
    - RCTRequired
    - RCTTypeSafety
    - React-Core
    - ReactCommon/turbomodule/core
  - react-native-splash-screen (3.3.0):
    - React-Core
  - React-perflogger (0.71.4)
  - React-RCTActionSheet (0.71.4):
    - React-Core/RCTActionSheetHeaders (= 0.71.4)
  - React-RCTAnimation (0.71.4):
    - RCT-Folly (= 2021.07.22.00)
    - RCTTypeSafety (= 0.71.4)
    - React-Codegen (= 0.71.4)
    - React-Core/RCTAnimationHeaders (= 0.71.4)
    - React-jsi (= 0.71.4)
    - ReactCommon/turbomodule/core (= 0.71.4)
  - React-RCTAppDelegate (0.71.4):
    - RCT-Folly
    - RCTRequired
    - RCTTypeSafety
    - React-Core
    - ReactCommon/turbomodule/core
  - React-RCTBlob (0.71.4):
    - hermes-engine
    - RCT-Folly (= 2021.07.22.00)
    - React-Codegen (= 0.71.4)
    - React-Core/RCTBlobHeaders (= 0.71.4)
    - React-Core/RCTWebSocket (= 0.71.4)
    - React-jsi (= 0.71.4)
    - React-RCTNetwork (= 0.71.4)
    - ReactCommon/turbomodule/core (= 0.71.4)
  - React-RCTImage (0.71.4):
    - RCT-Folly (= 2021.07.22.00)
    - RCTTypeSafety (= 0.71.4)
    - React-Codegen (= 0.71.4)
    - React-Core/RCTImageHeaders (= 0.71.4)
    - React-jsi (= 0.71.4)
    - React-RCTNetwork (= 0.71.4)
    - ReactCommon/turbomodule/core (= 0.71.4)
  - React-RCTLinking (0.71.4):
    - React-Codegen (= 0.71.4)
    - React-Core/RCTLinkingHeaders (= 0.71.4)
    - React-jsi (= 0.71.4)
    - ReactCommon/turbomodule/core (= 0.71.4)
  - React-RCTNetwork (0.71.4):
    - RCT-Folly (= 2021.07.22.00)
    - RCTTypeSafety (= 0.71.4)
    - React-Codegen (= 0.71.4)
    - React-Core/RCTNetworkHeaders (= 0.71.4)
    - React-jsi (= 0.71.4)
    - ReactCommon/turbomodule/core (= 0.71.4)
  - React-RCTSettings (0.71.4):
    - RCT-Folly (= 2021.07.22.00)
    - RCTTypeSafety (= 0.71.4)
    - React-Codegen (= 0.71.4)
    - React-Core/RCTSettingsHeaders (= 0.71.4)
    - React-jsi (= 0.71.4)
    - ReactCommon/turbomodule/core (= 0.71.4)
  - React-RCTText (0.71.4):
    - React-Core/RCTTextHeaders (= 0.71.4)
  - React-RCTVibration (0.71.4):
    - RCT-Folly (= 2021.07.22.00)
    - React-Codegen (= 0.71.4)
    - React-Core/RCTVibrationHeaders (= 0.71.4)
    - React-jsi (= 0.71.4)
    - ReactCommon/turbomodule/core (= 0.71.4)
  - React-runtimeexecutor (0.71.4):
    - React-jsi (= 0.71.4)
  - ReactCommon/turbomodule/bridging (0.71.4):
    - DoubleConversion
    - glog
    - hermes-engine
    - RCT-Folly (= 2021.07.22.00)
    - React-callinvoker (= 0.71.4)
    - React-Core (= 0.71.4)
    - React-cxxreact (= 0.71.4)
    - React-jsi (= 0.71.4)
    - React-logger (= 0.71.4)
    - React-perflogger (= 0.71.4)
  - ReactCommon/turbomodule/core (0.71.4):
    - DoubleConversion
    - glog
    - hermes-engine
    - RCT-Folly (= 2021.07.22.00)
    - React-callinvoker (= 0.71.4)
    - React-Core (= 0.71.4)
    - React-cxxreact (= 0.71.4)
    - React-jsi (= 0.71.4)
    - React-logger (= 0.71.4)
    - React-perflogger (= 0.71.4)
  - rn-fetch-blob (0.12.0):
    - React-Core
  - rn-scratch-card (1.1.0):
    - React-Core
  - RNAppodeal (3.0.2):
    - Appodeal (= 3.0.2)
    - React
  - RNCAsyncStorage (1.18.0):
    - React-Core
  - RNCPicker (2.4.9):
    - React-Core
  - RNFBApp (17.4.0):
    - Firebase/CoreOnly (= 10.7.0)
    - React-Core
  - RNFBCrashlytics (17.4.0):
    - Firebase/Crashlytics (= 10.7.0)
    - FirebaseCoreExtension (= 10.7.0)
    - React-Core
    - RNFBApp
  - RNFBDynamicLinks (17.4.0):
    - Firebase/DynamicLinks (= 10.7.0)
    - GoogleUtilities/AppDelegateSwizzler
    - React-Core
    - RNFBApp
  - RNGestureHandler (2.9.0):
    - React-Core
  - RNLocalize (2.2.6):
    - React-Core
  - RNScreens (3.20.0):
    - React-Core
    - React-RCTImage
  - RNVectorIcons (9.2.0):
    - React-Core
  - smaato-ios-sdk (21.7.8):
    - smaato-ios-sdk/Full (= 21.7.8)
  - smaato-ios-sdk/Banner (21.7.8):
    - smaato-ios-sdk/Modules/Banner
    - smaato-ios-sdk/Modules/Core
    - smaato-ios-sdk/Modules/RichMedia
  - smaato-ios-sdk/Full (21.7.8):
    - smaato-ios-sdk/Banner
    - smaato-ios-sdk/Interstitial
    - smaato-ios-sdk/Native
    - smaato-ios-sdk/Outstream
    - smaato-ios-sdk/RewardedAds
  - smaato-ios-sdk/Interstitial (21.7.8):
    - smaato-ios-sdk/Modules/Interstitial
    - smaato-ios-sdk/Modules/RichMedia
    - smaato-ios-sdk/Modules/Video
  - smaato-ios-sdk/Modules/Banner (21.7.8):
    - smaato-ios-sdk/Modules/Core
  - smaato-ios-sdk/Modules/Core (21.7.8)
  - smaato-ios-sdk/Modules/Interstitial (21.7.8):
    - smaato-ios-sdk/Modules/Core
  - smaato-ios-sdk/Modules/Native (21.7.8):
    - smaato-ios-sdk/Modules/Core
  - smaato-ios-sdk/Modules/OpenMeasurement (21.7.8):
    - smaato-ios-sdk/Modules/Core
  - smaato-ios-sdk/Modules/Outstream (21.7.8):
    - smaato-ios-sdk/Modules/Banner
    - smaato-ios-sdk/Modules/Core
    - smaato-ios-sdk/Modules/RichMedia
  - smaato-ios-sdk/Modules/RewardedAds (21.7.8):
    - smaato-ios-sdk/Modules/Core
  - smaato-ios-sdk/Modules/RichMedia (21.7.8):
    - smaato-ios-sdk/Modules/Core
    - smaato-ios-sdk/Modules/OpenMeasurement
  - smaato-ios-sdk/Modules/UnifiedBidding (21.7.8):
    - smaato-ios-sdk/Modules/Core
  - smaato-ios-sdk/Modules/Video (21.7.8):
    - smaato-ios-sdk/Modules/Core
    - smaato-ios-sdk/Modules/OpenMeasurement
  - smaato-ios-sdk/Native (21.7.8):
    - smaato-ios-sdk/Modules/Core
    - smaato-ios-sdk/Modules/Native
  - smaato-ios-sdk/Outstream (21.7.8):
    - smaato-ios-sdk/Modules/Outstream
  - smaato-ios-sdk/RewardedAds (21.7.8):
    - smaato-ios-sdk/Modules/RewardedAds
    - smaato-ios-sdk/Modules/Video
  - StackAnalytics (1.4.2):
    - StackAnalytics/Full (= 1.4.2)
    - StackModules (~> 1.4.0)
  - StackAnalytics/Base (1.4.2):
    - StackModules (~> 1.4.0)
  - StackAnalytics/Crashes (1.4.2):
    - StackModules (~> 1.4.0)
  - StackAnalytics/Full (1.4.2):
    - StackAnalytics/Base
    - StackAnalytics/Crashes
    - StackModules (~> 1.4.0)
  - StackConsentManager (1.2.3)
  - StackIAB (2.0.7):
    - StackIAB/StackIABAssets (= 2.0.7)
    - StackIAB/StackMRAIDKit (= 2.0.7)
    - StackIAB/StackNASTKit (= 2.0.7)
    - StackIAB/StackOpenMeasure (= 2.0.7)
    - StackIAB/StackRichMedia (= 2.0.7)
    - StackIAB/StackVASTAssets (= 2.0.7)
    - StackIAB/StackVASTKit (= 2.0.7)
    - StackIAB/StackVideoPlayer (= 2.0.7)
    - StackIAB/StackXML (= 2.0.7)
    - StackModules (~> 1.4.1)
  - StackIAB/StackIABAssets (2.0.7):
    - StackModules (~> 1.4.1)
  - StackIAB/StackMRAIDKit (2.0.7):
    - StackIAB/StackIABAssets
    - StackIAB/StackOpenMeasure
    - StackModules (~> 1.4.1)
  - StackIAB/StackNASTKit (2.0.7):
    - StackIAB/StackVASTKit
    - StackModules (~> 1.4.1)
  - StackIAB/StackOpenMeasure (2.0.7):
    - OMSDK_Appodeal (~> 1.4.2.0)
    - StackModules (~> 1.4.1)
  - StackIAB/StackRichMedia (2.0.7):
    - StackIAB/StackIABAssets
    - StackIAB/StackVASTAssets
    - StackIAB/StackVideoPlayer
    - StackModules (~> 1.4.1)
  - StackIAB/StackVASTAssets (2.0.7):
    - StackIAB/StackIABAssets
    - StackIAB/StackXML
    - StackModules (~> 1.4.1)
  - StackIAB/StackVASTKit (2.0.7):
    - StackIAB/StackMRAIDKit
    - StackIAB/StackVASTAssets
    - StackIAB/StackVideoPlayer
    - StackModules (~> 1.4.1)
  - StackIAB/StackVideoPlayer (2.0.7):
    - StackModules (~> 1.4.1)
  - StackIAB/StackXML (2.0.7):
    - StackModules (~> 1.4.1)
  - StackModules (1.4.2):
    - StackModules/StackProductPresentation (= 1.4.2)
  - StackModules/StackFoundation (1.4.2)
  - StackModules/StackProductPresentation (1.4.2):
    - StackModules/StackUIKit
  - StackModules/StackUIKit (1.4.2):
    - StackModules/StackFoundation
  - StackProtobuf (0.8.5):
    - Protobuf (~> 3.13)
  - TapjoySDK (12.10.0)
  - UnityAds (4.5.0)
  - VungleSDK-iOS (6.12.1)
  - YandexMobileAds (5.2.1):
    - YandexMobileAds/Static (= 5.2.1)
  - YandexMobileAds/Static (5.2.1):
    - YandexMobileMetrica (< 5.0.0, >= 4.0.0)
  - YandexMobileMetrica (4.5.0):
    - YandexMobileMetrica/Static (= 4.5.0)
  - YandexMobileMetrica/Static (4.5.0):
    - YandexMobileMetrica/Static/Core (= 4.5.0)
    - YandexMobileMetrica/Static/Crashes (= 4.5.0)
  - YandexMobileMetrica/Static/Core (4.5.0)
  - YandexMobileMetrica/Static/Crashes (4.5.0):
    - YandexMobileMetrica/Static/Core
  - Yoga (1.14.0)

DEPENDENCIES:
  - APDAdColonyAdapter (= 3.0.2.1)
  - APDAdjustAdapter (= 3.0.2.1)
  - APDAppLovinAdapter (= 3.0.2.1)
  - APDAppsFlyerAdapter (= 3.0.2.1)
  - APDBidMachineAdapter (= 3.0.2.1)
  - APDFacebookAdapter (= 3.0.2.1)
  - APDFirebaseAdapter (= 3.0.2.1)
  - APDGoogleAdMobAdapter (= 3.0.2.1)
  - APDIABAdapter (= 3.0.2.1)
  - APDIronSourceAdapter (= 3.0.2.1)
  - APDMetaAudienceNetworkAdapter (= 3.0.2.1)
  - APDMyTargetAdapter (= 3.0.2.1)
  - APDStackAnalyticsAdapter (= 3.0.2.1)
  - APDUnityAdapter (= 3.0.2.1)
  - APDVungleAdapter (= 3.0.2.1)
  - APDYandexAdapter (= 3.0.2.1)
  - BidMachineAdColonyAdapter (~> 2.0.0.0)
  - BidMachineAmazonAdapter (~> 2.0.0.0)
  - BidMachineCriteoAdapter (~> 2.0.0.0)
  - BidMachineMetaAudienceAdapter (~> 2.0.0.0)
  - BidMachineMyTargetAdapter (~> 2.0.0.2)
  - BidMachineNotsyAdapter (~> 2.0.0.4)
  - BidMachinePangleAdapter (~> 2.0.0.0)
  - BidMachineSmaatoAdapter (~> 2.0.0.0)
  - BidMachineTapjoyAdapter (~> 2.0.0.0)
  - BidMachineVungleAdapter (~> 2.0.0.1)
  - boost (from `../node_modules/react-native/third-party-podspecs/boost.podspec`)
  - BVLinearGradient (from `../node_modules/react-native-linear-gradient`)
  - DoubleConversion (from `../node_modules/react-native/third-party-podspecs/DoubleConversion.podspec`)
  - FBLazyVector (from `../node_modules/react-native/Libraries/FBLazyVector`)
  - FBReactNativeSpec (from `../node_modules/react-native/React/FBReactNativeSpec`)
  - Firebase
  - FirebaseCore
  - glog (from `../node_modules/react-native/third-party-podspecs/glog.podspec`)
  - Google-Mobile-Ads-SDK
  - GoogleUtilities
  - hermes-engine (from `../node_modules/react-native/sdks/hermes-engine/hermes-engine.podspec`)
  - libevent (~> 2.1.12)
  - RCT-Folly (from `../node_modules/react-native/third-party-podspecs/RCT-Folly.podspec`)
  - RCTRequired (from `../node_modules/react-native/Libraries/RCTRequired`)
  - RCTTypeSafety (from `../node_modules/react-native/Libraries/TypeSafety`)
  - React (from `../node_modules/react-native/`)
  - React-callinvoker (from `../node_modules/react-native/ReactCommon/callinvoker`)
  - React-Codegen (from `build/generated/ios`)
  - React-Core (from `../node_modules/react-native/`)
  - React-Core/RCTWebSocket (from `../node_modules/react-native/`)
  - React-CoreModules (from `../node_modules/react-native/React/CoreModules`)
  - React-cxxreact (from `../node_modules/react-native/ReactCommon/cxxreact`)
  - React-hermes (from `../node_modules/react-native/ReactCommon/hermes`)
  - React-jsi (from `../node_modules/react-native/ReactCommon/jsi`)
  - React-jsiexecutor (from `../node_modules/react-native/ReactCommon/jsiexecutor`)
  - React-jsinspector (from `../node_modules/react-native/ReactCommon/jsinspector`)
  - React-logger (from `../node_modules/react-native/ReactCommon/logger`)
  - react-native-image-picker (from `../node_modules/react-native-image-picker`)
  - react-native-safe-area-context (from `../node_modules/react-native-safe-area-context`)
  - react-native-splash-screen (from `../node_modules/react-native-splash-screen`)
  - React-perflogger (from `../node_modules/react-native/ReactCommon/reactperflogger`)
  - React-RCTActionSheet (from `../node_modules/react-native/Libraries/ActionSheetIOS`)
  - React-RCTAnimation (from `../node_modules/react-native/Libraries/NativeAnimation`)
  - React-RCTAppDelegate (from `../node_modules/react-native/Libraries/AppDelegate`)
  - React-RCTBlob (from `../node_modules/react-native/Libraries/Blob`)
  - React-RCTImage (from `../node_modules/react-native/Libraries/Image`)
  - React-RCTLinking (from `../node_modules/react-native/Libraries/LinkingIOS`)
  - React-RCTNetwork (from `../node_modules/react-native/Libraries/Network`)
  - React-RCTSettings (from `../node_modules/react-native/Libraries/Settings`)
  - React-RCTText (from `../node_modules/react-native/Libraries/Text`)
  - React-RCTVibration (from `../node_modules/react-native/Libraries/Vibration`)
  - React-runtimeexecutor (from `../node_modules/react-native/ReactCommon/runtimeexecutor`)
  - ReactCommon/turbomodule/core (from `../node_modules/react-native/ReactCommon`)
  - rn-fetch-blob (from `../node_modules/rn-fetch-blob`)
  - rn-scratch-card (from `../node_modules/rn-scratch-card`)
  - RNAppodeal (from `../node_modules/react-native-appodeal`)
  - "RNCAsyncStorage (from `../node_modules/@react-native-async-storage/async-storage`)"
  - "RNCPicker (from `../node_modules/@react-native-picker/picker`)"
  - "RNFBApp (from `../node_modules/@react-native-firebase/app`)"
  - "RNFBCrashlytics (from `../node_modules/@react-native-firebase/crashlytics`)"
  - "RNFBDynamicLinks (from `../node_modules/@react-native-firebase/dynamic-links`)"
  - RNGestureHandler (from `../node_modules/react-native-gesture-handler`)
  - RNLocalize (from `../node_modules/react-native-localize`)
  - RNScreens (from `../node_modules/react-native-screens`)
  - RNVectorIcons (from `../node_modules/react-native-vector-icons`)
  - Yoga (from `../node_modules/react-native/ReactCommon/yoga`)

SPEC REPOS:
  https://github.com/appodeal/CocoaPods.git:
    - AdjustPurchase
    - APDAdColonyAdapter
    - APDAdjustAdapter
    - APDAppLovinAdapter
    - APDAppsFlyerAdapter
    - APDBidMachineAdapter
    - APDFacebookAdapter
    - APDFirebaseAdapter
    - APDGoogleAdMobAdapter
    - APDIABAdapter
    - APDIronSourceAdapter
    - APDMetaAudienceNetworkAdapter
    - APDMyTargetAdapter
    - APDStackAnalyticsAdapter
    - APDUnityAdapter
    - APDVungleAdapter
    - APDYandexAdapter
    - Appodeal
    - BidMachineAdColonyAdapter
    - BidMachineAmazonAdapter
    - BidMachineAnalyticsCore
    - BidMachineCriteoAdapter
    - BidMachineDisplayCore
    - BidMachineMetaAudienceAdapter
    - BidMachineMyTargetAdapter
    - BidMachineNotsyAdapter
    - BidMachinePangleAdapter
    - BidMachineSmaatoAdapter
    - BidMachineTapjoyAdapter
    - BidMachineVungleAdapter
    - OMSDK_Appodeal
    - StackAnalytics
    - StackConsentManager
    - StackProtobuf
  trunk:
    - AdColony
    - Adjust
    - Ads-Global
    - AmazonPublisherServicesSDK
    - AppLovinSDK
    - AppsFlyer-AdRevenue
    - AppsFlyerFramework
    - BidMachine
    - BidMachineApiCore
    - BidMachineBiddingCore
    - BidMachineNetworkCore
    - BURelyFoundation_Global
    - CriteoPublisherSdk
    - FBAEMKit
    - FBAudienceNetwork
    - FBSDKCoreKit
    - FBSDKCoreKit_Basics
    - Firebase
    - FirebaseABTesting
    - FirebaseAnalytics
    - FirebaseCore
    - FirebaseCoreExtension
    - FirebaseCoreInternal
    - FirebaseCrashlytics
    - FirebaseDynamicLinks
    - FirebaseInstallations
    - FirebaseRemoteConfig
    - FirebaseSessions
    - fmt
    - Google-Mobile-Ads-SDK
    - GoogleAppMeasurement
    - GoogleDataTransport
    - GoogleUserMessagingPlatform
    - GoogleUtilities
    - IronSourceSDK
    - libevent
    - myTargetSDK
    - myTrackerSDK
    - nanopb
    - OneKit-Pangle
    - PromisesObjC
    - PromisesSwift
    - Protobuf
    - RangersAPM-Pangle
    - smaato-ios-sdk
    - StackIAB
    - StackModules
    - TapjoySDK
    - UnityAds
    - VungleSDK-iOS
    - YandexMobileAds
    - YandexMobileMetrica

EXTERNAL SOURCES:
  boost:
    :podspec: "../node_modules/react-native/third-party-podspecs/boost.podspec"
  BVLinearGradient:
    :path: "../node_modules/react-native-linear-gradient"
  DoubleConversion:
    :podspec: "../node_modules/react-native/third-party-podspecs/DoubleConversion.podspec"
  FBLazyVector:
    :path: "../node_modules/react-native/Libraries/FBLazyVector"
  FBReactNativeSpec:
    :path: "../node_modules/react-native/React/FBReactNativeSpec"
  glog:
    :podspec: "../node_modules/react-native/third-party-podspecs/glog.podspec"
  hermes-engine:
    :podspec: "../node_modules/react-native/sdks/hermes-engine/hermes-engine.podspec"
  RCT-Folly:
    :podspec: "../node_modules/react-native/third-party-podspecs/RCT-Folly.podspec"
  RCTRequired:
    :path: "../node_modules/react-native/Libraries/RCTRequired"
  RCTTypeSafety:
    :path: "../node_modules/react-native/Libraries/TypeSafety"
  React:
    :path: "../node_modules/react-native/"
  React-callinvoker:
    :path: "../node_modules/react-native/ReactCommon/callinvoker"
  React-Codegen:
    :path: build/generated/ios
  React-Core:
    :path: "../node_modules/react-native/"
  React-CoreModules:
    :path: "../node_modules/react-native/React/CoreModules"
  React-cxxreact:
    :path: "../node_modules/react-native/ReactCommon/cxxreact"
  React-hermes:
    :path: "../node_modules/react-native/ReactCommon/hermes"
  React-jsi:
    :path: "../node_modules/react-native/ReactCommon/jsi"
  React-jsiexecutor:
    :path: "../node_modules/react-native/ReactCommon/jsiexecutor"
  React-jsinspector:
    :path: "../node_modules/react-native/ReactCommon/jsinspector"
  React-logger:
    :path: "../node_modules/react-native/ReactCommon/logger"
  react-native-image-picker:
    :path: "../node_modules/react-native-image-picker"
  react-native-safe-area-context:
    :path: "../node_modules/react-native-safe-area-context"
  react-native-splash-screen:
    :path: "../node_modules/react-native-splash-screen"
  React-perflogger:
    :path: "../node_modules/react-native/ReactCommon/reactperflogger"
  React-RCTActionSheet:
    :path: "../node_modules/react-native/Libraries/ActionSheetIOS"
  React-RCTAnimation:
    :path: "../node_modules/react-native/Libraries/NativeAnimation"
  React-RCTAppDelegate:
    :path: "../node_modules/react-native/Libraries/AppDelegate"
  React-RCTBlob:
    :path: "../node_modules/react-native/Libraries/Blob"
  React-RCTImage:
    :path: "../node_modules/react-native/Libraries/Image"
  React-RCTLinking:
    :path: "../node_modules/react-native/Libraries/LinkingIOS"
  React-RCTNetwork:
    :path: "../node_modules/react-native/Libraries/Network"
  React-RCTSettings:
    :path: "../node_modules/react-native/Libraries/Settings"
  React-RCTText:
    :path: "../node_modules/react-native/Libraries/Text"
  React-RCTVibration:
    :path: "../node_modules/react-native/Libraries/Vibration"
  React-runtimeexecutor:
    :path: "../node_modules/react-native/ReactCommon/runtimeexecutor"
  ReactCommon:
    :path: "../node_modules/react-native/ReactCommon"
  rn-fetch-blob:
    :path: "../node_modules/rn-fetch-blob"
  rn-scratch-card:
    :path: "../node_modules/rn-scratch-card"
  RNAppodeal:
    :path: "../node_modules/react-native-appodeal"
  RNCAsyncStorage:
    :path: "../node_modules/@react-native-async-storage/async-storage"
  RNCPicker:
    :path: "../node_modules/@react-native-picker/picker"
  RNFBApp:
    :path: "../node_modules/@react-native-firebase/app"
  RNFBCrashlytics:
    :path: "../node_modules/@react-native-firebase/crashlytics"
  RNFBDynamicLinks:
    :path: "../node_modules/@react-native-firebase/dynamic-links"
  RNGestureHandler:
    :path: "../node_modules/react-native-gesture-handler"
  RNLocalize:
    :path: "../node_modules/react-native-localize"
  RNScreens:
    :path: "../node_modules/react-native-screens"
  RNVectorIcons:
    :path: "../node_modules/react-native-vector-icons"
  Yoga:
    :path: "../node_modules/react-native/ReactCommon/yoga"

SPEC CHECKSUMS:
  AdColony: 4f3738dc633d7aaa8ec60729df973076cc8e97ed
  Adjust: 4690e07ea401ee56d4d3f4f5bdad86c94f51903f
  AdjustPurchase: a6688375a589f10a455adb9217c7de55eba93d63
  Ads-Global: 167ddabcf74a82c41f7074dc286697418ee22b60
  AmazonPublisherServicesSDK: cd88ef55d5afaa6483bcb04b977e1585a95f9211
  APDAdColonyAdapter: a69e8c1e30efce8de66a9cbef3f9c3b5ca9fa7a2
  APDAdjustAdapter: 37afd2b31907a5d833871a59fd3c182cf5881ae6
  APDAppLovinAdapter: 612935fee05dd49d2e0e845dfdffe10983e98b3d
  APDAppsFlyerAdapter: 3c5c23d2a4114b66aa8739c187fb718c1af62e4b
  APDBidMachineAdapter: c8e61f4c5464c853b0bcfbeda0eb6d11450f7063
  APDFacebookAdapter: 14f1f02ad5c172430ec0a7a5aa7243eb6da6e5db
  APDFirebaseAdapter: c608ec2a4d94e50f65a81bf45be0d8f2d1236db3
  APDGoogleAdMobAdapter: 1a751b26f99a59e5de931a1dcc64c531d871e334
  APDIABAdapter: 4c2d14b84be1677a0b4b958207c1a18f0032a1ee
  APDIronSourceAdapter: 66b68ed13fa22d8f86f1ee8cc01097567d5efc5c
  APDMetaAudienceNetworkAdapter: f224fa37b081514b7adfc520b00a452f40ef10f0
  APDMyTargetAdapter: 059953c8c66b6ea1c5e507f4941da7363d2367cd
  APDStackAnalyticsAdapter: 3f3387957614ccecd04a863616d643652a7f2ff5
  APDUnityAdapter: b39ba75b5468a392e38c6b70a014287e6ce7381e
  APDVungleAdapter: f7a413234db7f9f347a95771aa7bc49faafda29c
  APDYandexAdapter: 4c711cfeb83e2d88a08535a01d42d0def54c9e0e
  AppLovinSDK: c72c4cc9dd61ee59827813bc99af35815c08ffd4
  Appodeal: d2f8841bc6715c2ce431438ab57be0e6f792c799
  AppsFlyer-AdRevenue: a38170b0b59f74cd07c7a9b91ee026f147b5c968
  AppsFlyerFramework: 75e2e46970e520c88b0456dc6fae98c51b36163a
  BidMachine: d09995aa0b59e428aa59ea568f3a2f3c9f2bfcf5
  BidMachineAdColonyAdapter: 1d7422468b40c609903902ce2287113f6ba76c91
  BidMachineAmazonAdapter: 1449033b92abb2feb0bb4066e98c9f45587f38a1
  BidMachineAnalyticsCore: 440a9725bc2961996843b5c42b2c9ae17adb2f67
  BidMachineApiCore: 329f57fe980e0214e10ae2a0d4901227d0a3f89a
  BidMachineBiddingCore: 1f239c2a25477a40c92d02f356a455bcb60d1a67
  BidMachineCriteoAdapter: af6b13bd14495ab369f7eccafdcbbb671fb5b75e
  BidMachineDisplayCore: d795966444e8995711ef457d2cb1ebf6c6c8ebc2
  BidMachineMetaAudienceAdapter: b5fffb76b4e3174505ad28575818e3a48c7066b8
  BidMachineMyTargetAdapter: f01f4f4200d5b9d86a4dbe580b2ad1d2d738ae29
  BidMachineNetworkCore: 9f9737ced43b4309edca2a96e50d0f90f467ed72
  BidMachineNotsyAdapter: 18f775de7c470ee4fae7b5f146f38a449b4ca7ee
  BidMachinePangleAdapter: edcf82c5ff7336279f60580f36fa5040453205a1
  BidMachineSmaatoAdapter: 27c037d481c2e73a0a703df0a0d4b625787277e1
  BidMachineTapjoyAdapter: ae9577be625daafb5aa334404e21e07858552300
  BidMachineVungleAdapter: 22f0cdd7b35a6b75716ad7c88f8e29493c924670
  boost: 57d2868c099736d80fcd648bf211b4431e51a558
  BURelyFoundation_Global: 5b03b5340630fa62fb9cd6eac52c5f57d4b0c17b
  BVLinearGradient: 34a999fda29036898a09c6a6b728b0b4189e1a44
  CriteoPublisherSdk: 26f16f975d6c0392ee7060626268e2f2d7ed2d82
  DoubleConversion: 5189b271737e1565bdce30deb4a08d647e3f5f54
  FBAEMKit: c7f82b5145d446bcbbcd50485c032689032fc6a2
  FBAudienceNetwork: e0fcc9091fced34910ed0b6da06f129db46ac9e6
  FBLazyVector: 446e84642979fff0ba57f3c804c2228a473aeac2
  FBReactNativeSpec: 241709e132e3bf1526c1c4f00bc5384dd39dfba9
  FBSDKCoreKit: 7542746fc63a2a38dd6a865eeb54268341f37b83
  FBSDKCoreKit_Basics: 92d6b26c0bed30ab09bbdd96dccaa26e6c9978d1
  Firebase: 0219acf760880eeec8ce479895bd7767466d9f81
  FirebaseABTesting: 76c8297fd026074e0366dc941d265d1be80a56d5
  FirebaseAnalytics: f8133442ee6f8512e28ff19e62ce15398bfaeace
  FirebaseCore: e317665b9d744727a97e623edbbed009320afdd7
  FirebaseCoreExtension: f17247ba8c61e4d3c8d136b5e2de3cb4ac6a85b6
  FirebaseCoreInternal: 8845798510aae74703467480f71ac613788d0696
  FirebaseCrashlytics: 35fdd1a433b31e28adcf5c8933f4c526691a1e0b
  FirebaseDynamicLinks: 16a8fae3697fba66fed7a1d646fe59f30d42aa31
  FirebaseInstallations: 59c0e4c7a816a0f76710d83f77e5369b3e45eb96
  FirebaseRemoteConfig: d5de62211e2eaa2152d8ee85a23c301b70887a74
  FirebaseSessions: 34e5c084da010ef3802cbc062b822e513c9e6318
  fmt: ff9d55029c625d3757ed641535fd4a75fedc7ce9
  glog: 04b94705f318337d7ead9e6d17c019bd9b1f6b1b
  Google-Mobile-Ads-SDK: 4fe6304b771f8467d29978cb790ec1e56e646946
  GoogleAppMeasurement: fe17c92a32207dd5cdd4e8d742767f2da74857f6
  GoogleDataTransport: ea169759df570f4e37bdee1623ec32a7e64e67c4
  GoogleUserMessagingPlatform: 5f8b30daf181805317b6b985bb51c1ff3beca054
  GoogleUtilities: c2bdc4cf2ce786c4d2e6b3bcfd599a25ca78f06f
  hermes-engine: a1f157c49ea579c28b0296bda8530e980c45bdb3
  IronSourceSDK: c1505d25bc587e8bc367941474e29b7dceba680c
  libevent: 4049cae6c81cdb3654a443be001fb9bdceff7913
  myTargetSDK: 864817f25f04dcaf606454126288edb87b688aac
  myTrackerSDK: df675bf18db63d9a426bd00d6c3dec4ba4bea57e
  nanopb: b552cce312b6c8484180ef47159bc0f65a1f0431
  OMSDK_Appodeal: f4e97878c54edd6be63259a4ba38a5491be6226a
  OneKit-Pangle: 68a778c39d36ed8feffd667a6b49225427bcf286
  PromisesObjC: 09985d6d70fbe7878040aa746d78236e6946d2ef
  PromisesSwift: cf9eb58666a43bbe007302226e510b16c1e10959
  Protobuf: d7f7c8329edf5eb8af65547a8ba3e9c1cee927d5
  RangersAPM-Pangle: 97c8fe91af08574a739cc72a714b735efb6c891f
  RCT-Folly: 424b8c9a7a0b9ab2886ffe9c3b041ef628fd4fb1
  RCTRequired: 5a024fdf458fa8c0d82fc262e76f982d4dcdecdd
  RCTTypeSafety: b6c253064466411c6810b45f66bc1e43ce0c54ba
  React: 715292db5bd46989419445a5547954b25d2090f0
  React-callinvoker: 105392d1179058585b564d35b4592fe1c46d6fba
  React-Codegen: b75333b93d835afce84b73472927cccaef2c9f8c
  React-Core: 88838ed1724c64905fc6c0811d752828a92e395b
  React-CoreModules: cd238b4bb8dc8529ccc8b34ceae7267b04ce1882
  React-cxxreact: 291bfab79d8098dc5ebab98f62e6bdfe81b3955a
  React-hermes: b1e67e9a81c71745704950516f40ee804349641c
  React-jsi: c9d5b563a6af6bb57034a82c2b0d39d0a7483bdc
  React-jsiexecutor: d6b7fa9260aa3cb40afee0507e3bc1d17ecaa6f2
  React-jsinspector: 1f51e775819199d3fe9410e69ee8d4c4161c7b06
  React-logger: 0d58569ec51d30d1792c5e86a8e3b78d24b582c6
  react-native-image-picker: ec9b713e248760bfa0f879f0715391de4651a7cb
  react-native-safe-area-context: 39c2d8be3328df5d437ac1700f4f3a4f75716acc
  react-native-splash-screen: 4312f786b13a81b5169ef346d76d33bc0c6dc457
  React-perflogger: 0bb0522a12e058f6eb69d888bc16f40c16c4b907
  React-RCTActionSheet: bfd675a10f06a18728ea15d82082d48f228a213a
  React-RCTAnimation: 2fa220b2052ec75b733112aca39143d34546a941
  React-RCTAppDelegate: 8564f93c1d9274e95e3b0c746d08a87ff5a621b2
  React-RCTBlob: d0336111f46301ae8aba2e161817e451aad72dd6
  React-RCTImage: fec592c46edb7c12a9cde08780bdb4a688416c62
  React-RCTLinking: 14eccac5d2a3b34b89dbfa29e8ef6219a153fe2d
  React-RCTNetwork: 1fbce92e772e39ca3687a2ebb854501ff6226dd7
  React-RCTSettings: 1abea36c9bb16d9979df6c4b42e2ea281b4bbcc5
  React-RCTText: 15355c41561a9f43dfd23616d0a0dd40ba05ed61
  React-RCTVibration: ad17efcfb2fa8f6bfd8ac0cf48d96668b8b28e0b
  React-runtimeexecutor: 8fa50b38df6b992c76537993a2b0553d3b088004
  ReactCommon: 34f9369c376d5f335069dda29552b3e7351b9ec6
  rn-fetch-blob: f065bb7ab7fb48dd002629f8bdcb0336602d3cba
  rn-scratch-card: a2133728dc02e1c54b45152d7d01f81a83b99ca9
  RNAppodeal: 65c944658ecd89809f04c0fa5d7a425f5ce547a2
  RNCAsyncStorage: a46ee6bf15cf1ba863d0a47287236f9c95d5b213
  RNCPicker: 567de6dc0c6735cf249700d940c80b90b090e4db
  RNFBApp: b0f0c53ed8a00395ceb4863910a2c1ff6e24d9f6
  RNFBCrashlytics: 43358406044e9fa98f949b3fd7129df33bd6a9a8
  RNFBDynamicLinks: 55245367dd76723ab59f1d257c653e765a65cff1
  RNGestureHandler: 071d7a9ad81e8b83fe7663b303d132406a7d8f39
  RNLocalize: d4b8af4e442d4bcca54e68fc687a2129b4d71a81
  RNScreens: 218801c16a2782546d30bd2026bb625c0302d70f
  RNVectorIcons: fcc2f6cb32f5735b586e66d14103a74ce6ad61f8
  smaato-ios-sdk: f2c145efd3e3e322795d892c9a88eb499339262a
  StackAnalytics: 8c15ce5c440628da6bcc37f56f1e8a159f7147bf
  StackConsentManager: af49179a45ec64c167784f380ccc047d5bc6d6df
  StackIAB: 17ee4cbe12d1aa6eb79f9a79b85375250bdd50fb
  StackModules: 9c5f24f9112662fe218b93085318054c6861a44d
  StackProtobuf: 6b78e9e5c5f7ead500a5d1527e569c4d49599a74
  TapjoySDK: 3dcd899e69eb3e36f231390c95c7105730619bcb
  UnityAds: fab621d1066e414af9ce884f1252cdd53894263e
  VungleSDK-iOS: 1d3488d790daf7266d5930ca901f1c3188fb936d
  YandexMobileAds: 3d7708df615f92815a3acedf9869da46d0b4d65e
  YandexMobileMetrica: 7dafc7d224077d4443ab3a587b82b24e9b6cc9c7
  Yoga: 79dd7410de6f8ad73a77c868d3d368843f0c93e0

PODFILE CHECKSUM: 1d5eedc847b11f8cf525524b675bf7a084ba1243

COCOAPODS: 1.12.0
